// !$*UTF8*$!
{
	archiveVersion = 1;
	classes = {
	};
	objectVersion = 50;
	objects = {

/* Begin PBXBuildFile section */
		311A64AD238B0C38007CDEF7 /* AppDelegate.swift in Sources */ = {isa = PBXBuildFile; fileRef = 311A64AC238B0C38007CDEF7 /* AppDelegate.swift */; };
		311A64AF238B0C38007CDEF7 /* ViewController.swift in Sources */ = {isa = PBXBuildFile; fileRef = 311A64AE238B0C38007CDEF7 /* ViewController.swift */; };
		311A64B1238B0C38007CDEF7 /* Experience.rcproject in Sources */ = {isa = PBXBuildFile; fileRef = 311A64B0238B0C38007CDEF7 /* Experience.rcproject */; };
		311A64B4238B0C38007CDEF7 /* Main.storyboard in Resources */ = {isa = PBXBuildFile; fileRef = 311A64B2238B0C38007CDEF7 /* Main.storyboard */; };
		311A64B6238B0C3B007CDEF7 /* Assets.xcassets in Resources */ = {isa = PBXBuildFile; fileRef = 311A64B5238B0C3B007CDEF7 /* Assets.xcassets */; };
		311A64B9238B0C3B007CDEF7 /* LaunchScreen.storyboard in Resources */ = {isa = PBXBuildFile; fileRef = 311A64B7238B0C3B007CDEF7 /* LaunchScreen.storyboard */; };
		311A64C1238B1683007CDEF7 /* ViewController+Delegate.swift in Sources */ = {isa = PBXBuildFile; fileRef = 311A64C0238B1683007CDEF7 /* ViewController+Delegate.swift */; };
		311A64C3238B1968007CDEF7 /* Constants.swift in Sources */ = {isa = PBXBuildFile; fileRef = 311A64C2238B1968007CDEF7 /* Constants.swift */; };
		3173BFF223931C5400BA75AF /* BuildingInfoOverlayView.swift in Sources */ = {isa = PBXBuildFile; fileRef = 3173BFF123931C5300BA75AF /* BuildingInfoOverlayView.swift */; };
		31FCA5BB2391AE1900276D3C /* buildings.json in Resources */ = {isa = PBXBuildFile; fileRef = 31FCA5BA2391AE1900276D3C /* buildings.json */; };
		31FCA5BD2391AE5100276D3C /* Building.swift in Sources */ = {isa = PBXBuildFile; fileRef = 31FCA5BC2391AE5100276D3C /* Building.swift */; };
/* End PBXBuildFile section */

/* Begin PBXFileReference section */
		311A64A9238B0C38007CDEF7 /* ARCampus.app */ = {isa = PBXFileReference; explicitFileType = wrapper.application; includeInIndex = 0; path = ARCampus.app; sourceTree = BUILT_PRODUCTS_DIR; };
		311A64AC238B0C38007CDEF7 /* AppDelegate.swift */ = {isa = PBXFileReference; lastKnownFileType = sourcecode.swift; path = AppDelegate.swift; sourceTree = "<group>"; };
		311A64AE238B0C38007CDEF7 /* ViewController.swift */ = {isa = PBXFileReference; lastKnownFileType = sourcecode.swift; path = ViewController.swift; sourceTree = "<group>"; };
		311A64B0238B0C38007CDEF7 /* Experience.rcproject */ = {isa = PBXFileReference; lastKnownFileType = file.rcproject; path = Experience.rcproject; sourceTree = "<group>"; };
		311A64B3238B0C38007CDEF7 /* Base */ = {isa = PBXFileReference; lastKnownFileType = file.storyboard; name = Base; path = Base.lproj/Main.storyboard; sourceTree = "<group>"; };
		311A64B5238B0C3B007CDEF7 /* Assets.xcassets */ = {isa = PBXFileReference; lastKnownFileType = folder.assetcatalog; path = Assets.xcassets; sourceTree = "<group>"; };
		311A64B8238B0C3B007CDEF7 /* Base */ = {isa = PBXFileReference; lastKnownFileType = file.storyboard; name = Base; path = Base.lproj/LaunchScreen.storyboard; sourceTree = "<group>"; };
		311A64BA238B0C3B007CDEF7 /* Info.plist */ = {isa = PBXFileReference; lastKnownFileType = text.plist.xml; path = Info.plist; sourceTree = "<group>"; };
		311A64C0238B1683007CDEF7 /* ViewController+Delegate.swift */ = {isa = PBXFileReference; lastKnownFileType = sourcecode.swift; path = "ViewController+Delegate.swift"; sourceTree = "<group>"; };
		311A64C2238B1968007CDEF7 /* Constants.swift */ = {isa = PBXFileReference; lastKnownFileType = sourcecode.swift; path = Constants.swift; sourceTree = "<group>"; };
		3173BFF123931C5300BA75AF /* BuildingInfoOverlayView.swift */ = {isa = PBXFileReference; lastKnownFileType = sourcecode.swift; path = BuildingInfoOverlayView.swift; sourceTree = "<group>"; };
		31FCA5BA2391AE1900276D3C /* buildings.json */ = {isa = PBXFileReference; fileEncoding = 4; lastKnownFileType = text.json; path = buildings.json; sourceTree = "<group>"; };
		31FCA5BC2391AE5100276D3C /* Building.swift */ = {isa = PBXFileReference; lastKnownFileType = sourcecode.swift; path = Building.swift; sourceTree = "<group>"; };
/* End PBXFileReference section */

/* Begin PBXFrameworksBuildPhase section */
		311A64A6238B0C38007CDEF7 /* Frameworks */ = {
			isa = PBXFrameworksBuildPhase;
			buildActionMask = 2147483647;
			files = (
			);
			runOnlyForDeploymentPostprocessing = 0;
		};
/* End PBXFrameworksBuildPhase section */

/* Begin PBXGroup section */
		311A64A0238B0C38007CDEF7 = {
			isa = PBXGroup;
			children = (
				311A64AB238B0C38007CDEF7 /* ARCampus */,
				311A64AA238B0C38007CDEF7 /* Products */,
			);
			sourceTree = "<group>";
		};
		311A64AA238B0C38007CDEF7 /* Products */ = {
			isa = PBXGroup;
			children = (
				311A64A9238B0C38007CDEF7 /* ARCampus.app */,
			);
			name = Products;
			sourceTree = "<group>";
		};
		311A64AB238B0C38007CDEF7 /* ARCampus */ = {
			isa = PBXGroup;
			children = (
				31FCA5BA2391AE1900276D3C /* buildings.json */,
				31FCA5BC2391AE5100276D3C /* Building.swift */,
				311A64AC238B0C38007CDEF7 /* AppDelegate.swift */,
				311A64AE238B0C38007CDEF7 /* ViewController.swift */,
				311A64C0238B1683007CDEF7 /* ViewController+Delegate.swift */,
				311A64C2238B1968007CDEF7 /* Constants.swift */,
				311A64B0238B0C38007CDEF7 /* Experience.rcproject */,
				311A64B2238B0C38007CDEF7 /* Main.storyboard */,
				311A64B5238B0C3B007CDEF7 /* Assets.xcassets */,
				311A64B7238B0C3B007CDEF7 /* LaunchScreen.storyboard */,
				311A64BA238B0C3B007CDEF7 /* Info.plist */,
				3173BFF123931C5300BA75AF /* BuildingInfoOverlayView.swift */,
			);
			path = ARCampus;
			sourceTree = "<group>";
		};
/* End PBXGroup section */

/* Begin PBXNativeTarget section */
		311A64A8238B0C38007CDEF7 /* ARCampus */ = {
			isa = PBXNativeTarget;
			buildConfigurationList = 311A64BD238B0C3B007CDEF7 /* Build configuration list for PBXNativeTarget "ARCampus" */;
			buildPhases = (
				311A64A5238B0C38007CDEF7 /* Sources */,
				311A64A6238B0C38007CDEF7 /* Frameworks */,
				311A64A7238B0C38007CDEF7 /* Resources */,
			);
			buildRules = (
			);
			dependencies = (
			);
			name = ARCampus;
			productName = CarletonHonoursProject;
			productReference = 311A64A9238B0C38007CDEF7 /* ARCampus.app */;
			productType = "com.apple.product-type.application";
		};
/* End PBXNativeTarget section */

/* Begin PBXProject section */
		311A64A1238B0C38007CDEF7 /* Project object */ = {
			isa = PBXProject;
			attributes = {
				LastSwiftUpdateCheck = 1120;
				LastUpgradeCheck = 1120;
				ORGANIZATIONNAME = ElisaKazan;
				TargetAttributes = {
					311A64A8238B0C38007CDEF7 = {
						CreatedOnToolsVersion = 11.2;
					};
				};
			};
			buildConfigurationList = 311A64A4238B0C38007CDEF7 /* Build configuration list for PBXProject "ARCampus" */;
			compatibilityVersion = "Xcode 9.3";
			developmentRegion = en;
			hasScannedForEncodings = 0;
			knownRegions = (
				en,
				Base,
			);
			mainGroup = 311A64A0238B0C38007CDEF7;
			productRefGroup = 311A64AA238B0C38007CDEF7 /* Products */;
			projectDirPath = "";
			projectRoot = "";
			targets = (
				311A64A8238B0C38007CDEF7 /* ARCampus */,
			);
		};
/* End PBXProject section */

/* Begin PBXResourcesBuildPhase section */
		311A64A7238B0C38007CDEF7 /* Resources */ = {
			isa = PBXResourcesBuildPhase;
			buildActionMask = 2147483647;
			files = (
				311A64B9238B0C3B007CDEF7 /* LaunchScreen.storyboard in Resources */,
				311A64B6238B0C3B007CDEF7 /* Assets.xcassets in Resources */,
				311A64B4238B0C38007CDEF7 /* Main.storyboard in Resources */,
				31FCA5BB2391AE1900276D3C /* buildings.json in Resources */,
			);
			runOnlyForDeploymentPostprocessing = 0;
		};
/* End PBXResourcesBuildPhase section */

/* Begin PBXSourcesBuildPhase section */
		311A64A5238B0C38007CDEF7 /* Sources */ = {
			isa = PBXSourcesBuildPhase;
			buildActionMask = 2147483647;
			files = (
				311A64C3238B1968007CDEF7 /* Constants.swift in Sources */,
				31FCA5BD2391AE5100276D3C /* Building.swift in Sources */,
				3173BFF223931C5400BA75AF /* BuildingInfoOverlayView.swift in Sources */,
				311A64AF238B0C38007CDEF7 /* ViewController.swift in Sources */,
				311A64C1238B1683007CDEF7 /* ViewController+Delegate.swift in Sources */,
				311A64AD238B0C38007CDEF7 /* AppDelegate.swift in Sources */,
				311A64B1238B0C38007CDEF7 /* Experience.rcproject in Sources */,
			);
			runOnlyForDeploymentPostprocessing = 0;
		};
/* End PBXSourcesBuildPhase section */

/* Begin PBXVariantGroup section */
		311A64B2238B0C38007CDEF7 /* Main.storyboard */ = {
			isa = PBXVariantGroup;
			children = (
				311A64B3238B0C38007CDEF7 /* Base */,
			);
			name = Main.storyboard;
			sourceTree = "<group>";
		};
		311A64B7238B0C3B007CDEF7 /* LaunchScreen.storyboard */ = {
			isa = PBXVariantGroup;
			children = (
				311A64B8238B0C3B007CDEF7 /* Base */,
			);
			name = LaunchScreen.storyboard;
			sourceTree = "<group>";
		};
/* End PBXVariantGroup section */

/* Begin XCBuildConfiguration section */
		311A64BB238B0C3B007CDEF7 /* Debug */ = {
			isa = XCBuildConfiguration;
			buildSettings = {
				ALWAYS_SEARCH_USER_PATHS = NO;
				CLANG_ANALYZER_NONNULL = YES;
				CLANG_ANALYZER_NUMBER_OBJECT_CONVERSION = YES_AGGRESSIVE;
				CLANG_CXX_LANGUAGE_STANDARD = "gnu++14";
				CLANG_CXX_LIBRARY = "libc++";
				CLANG_ENABLE_MODULES = YES;
				CLANG_ENABLE_OBJC_ARC = YES;
				CLANG_ENABLE_OBJC_WEAK = YES;
				CLANG_WARN_BLOCK_CAPTURE_AUTORELEASING = YES;
				CLANG_WARN_BOOL_CONVERSION = YES;
				CLANG_WARN_COMMA = YES;
				CLANG_WARN_CONSTANT_CONVERSION = YES;
				CLANG_WARN_DEPRECATED_OBJC_IMPLEMENTATIONS = YES;
				CLANG_WARN_DIRECT_OBJC_ISA_USAGE = YES_ERROR;
				CLANG_WARN_DOCUMENTATION_COMMENTS = YES;
				CLANG_WARN_EMPTY_BODY = YES;
				CLANG_WARN_ENUM_CONVERSION = YES;
				CLANG_WARN_INFINITE_RECURSION = YES;
				CLANG_WARN_INT_CONVERSION = YES;
				CLANG_WARN_NON_LITERAL_NULL_CONVERSION = YES;
				CLANG_WARN_OBJC_IMPLICIT_RETAIN_SELF = YES;
				CLANG_WARN_OBJC_LITERAL_CONVERSION = YES;
				CLANG_WARN_OBJC_ROOT_CLASS = YES_ERROR;
				CLANG_WARN_RANGE_LOOP_ANALYSIS = YES;
				CLANG_WARN_STRICT_PROTOTYPES = YES;
				CLANG_WARN_SUSPICIOUS_MOVE = YES;
				CLANG_WARN_UNGUARDED_AVAILABILITY = YES_AGGRESSIVE;
				CLANG_WARN_UNREACHABLE_CODE = YES;
				CLANG_WARN__DUPLICATE_METHOD_MATCH = YES;
				COPY_PHASE_STRIP = NO;
				DEBUG_INFORMATION_FORMAT = dwarf;
				ENABLE_STRICT_OBJC_MSGSEND = YES;
				ENABLE_TESTABILITY = YES;
				GCC_C_LANGUAGE_STANDARD = gnu11;
				GCC_DYNAMIC_NO_PIC = NO;
				GCC_NO_COMMON_BLOCKS = YES;
				GCC_OPTIMIZATION_LEVEL = 0;
				GCC_PREPROCESSOR_DEFINITIONS = (
					"DEBUG=1",
					"$(inherited)",
				);
				GCC_WARN_64_TO_32_BIT_CONVERSION = YES;
				GCC_WARN_ABOUT_RETURN_TYPE = YES_ERROR;
				GCC_WARN_UNDECLARED_SELECTOR = YES;
				GCC_WARN_UNINITIALIZED_AUTOS = YES_AGGRESSIVE;
				GCC_WARN_UNUSED_FUNCTION = YES;
				GCC_WARN_UNUSED_VARIABLE = YES;
				IPHONEOS_DEPLOYMENT_TARGET = 13.2;
				MTL_ENABLE_DEBUG_INFO = INCLUDE_SOURCE;
				MTL_FAST_MATH = YES;
				ONLY_ACTIVE_ARCH = YES;
				SDKROOT = iphoneos;
				SWIFT_ACTIVE_COMPILATION_CONDITIONS = DEBUG;
				SWIFT_OPTIMIZATION_LEVEL = "-Onone";
			};
			name = Debug;
		};
		311A64BC238B0C3B007CDEF7 /* Release */ = {
			isa = XCBuildConfiguration;
			buildSettings = {
				ALWAYS_SEARCH_USER_PATHS = NO;
				CLANG_ANALYZER_NONNULL = YES;
				CLANG_ANALYZER_NUMBER_OBJECT_CONVERSION = YES_AGGRESSIVE;
				CLANG_CXX_LANGUAGE_STANDARD = "gnu++14";
				CLANG_CXX_LIBRARY = "libc++";
				CLANG_ENABLE_MODULES = YES;
				CLANG_ENABLE_OBJC_ARC = YES;
				CLANG_ENABLE_OBJC_WEAK = YES;
				CLANG_WARN_BLOCK_CAPTURE_AUTORELEASING = YES;
				CLANG_WARN_BOOL_CONVERSION = YES;
				CLANG_WARN_COMMA = YES;
				CLANG_WARN_CONSTANT_CONVERSION = YES;
				CLANG_WARN_DEPRECATED_OBJC_IMPLEMENTATIONS = YES;
				CLANG_WARN_DIRECT_OBJC_ISA_USAGE = YES_ERROR;
				CLANG_WARN_DOCUMENTATION_COMMENTS = YES;
				CLANG_WARN_EMPTY_BODY = YES;
				CLANG_WARN_ENUM_CONVERSION = YES;
				CLANG_WARN_INFINITE_RECURSION = YES;
				CLANG_WARN_INT_CONVERSION = YES;
				CLANG_WARN_NON_LITERAL_NULL_CONVERSION = YES;
				CLANG_WARN_OBJC_IMPLICIT_RETAIN_SELF = YES;
				CLANG_WARN_OBJC_LITERAL_CONVERSION = YES;
				CLANG_WARN_OBJC_ROOT_CLASS = YES_ERROR;
				CLANG_WARN_RANGE_LOOP_ANALYSIS = YES;
				CLANG_WARN_STRICT_PROTOTYPES = YES;
				CLANG_WARN_SUSPICIOUS_MOVE = YES;
				CLANG_WARN_UNGUARDED_AVAILABILITY = YES_AGGRESSIVE;
				CLANG_WARN_UNREACHABLE_CODE = YES;
				CLANG_WARN__DUPLICATE_METHOD_MATCH = YES;
				COPY_PHASE_STRIP = NO;
				DEBUG_INFORMATION_FORMAT = "dwarf-with-dsym";
				ENABLE_NS_ASSERTIONS = NO;
				ENABLE_STRICT_OBJC_MSGSEND = YES;
				GCC_C_LANGUAGE_STANDARD = gnu11;
				GCC_NO_COMMON_BLOCKS = YES;
				GCC_WARN_64_TO_32_BIT_CONVERSION = YES;
				GCC_WARN_ABOUT_RETURN_TYPE = YES_ERROR;
				GCC_WARN_UNDECLARED_SELECTOR = YES;
				GCC_WARN_UNINITIALIZED_AUTOS = YES_AGGRESSIVE;
				GCC_WARN_UNUSED_FUNCTION = YES;
				GCC_WARN_UNUSED_VARIABLE = YES;
				IPHONEOS_DEPLOYMENT_TARGET = 13.2;
				MTL_ENABLE_DEBUG_INFO = NO;
				MTL_FAST_MATH = YES;
				SDKROOT = iphoneos;
				SWIFT_COMPILATION_MODE = wholemodule;
				SWIFT_OPTIMIZATION_LEVEL = "-O";
				VALIDATE_PRODUCT = YES;
			};
			name = Release;
		};
		311A64BE238B0C3B007CDEF7 /* Debug */ = {
			isa = XCBuildConfiguration;
			buildSettings = {
				ASSETCATALOG_COMPILER_APPICON_NAME = AppIcon;
				CODE_SIGN_STYLE = Automatic;
				DEVELOPMENT_TEAM = 3KKFT9P6YJ;
				INFOPLIST_FILE = ARCampus/Info.plist;
				LD_RUNPATH_SEARCH_PATHS = (
					"$(inherited)",
					"@executable_path/Frameworks",
				);
				PRODUCT_BUNDLE_IDENTIFIER = ElisaKazan.CarletonHonoursProject;
				PRODUCT_NAME = ARCampus;
				SWIFT_VERSION = 5.0;
				TARGETED_DEVICE_FAMILY = "1,2";
			};
			name = Debug;
		};
		311A64BF238B0C3B007CDEF7 /* Release */ = {
			isa = XCBuildConfiguration;
			buildSettings = {
				ASSETCATALOG_COMPILER_APPICON_NAME = AppIcon;
				CODE_SIGN_STYLE = Automatic;
				DEVELOPMENT_TEAM = 3KKFT9P6YJ;
				INFOPLIST_FILE = ARCampus/Info.plist;
				LD_RUNPATH_SEARCH_PATHS = (
					"$(inherited)",
					"@executable_path/Frameworks",
				);
				PRODUCT_BUNDLE_IDENTIFIER = ElisaKazan.CarletonHonoursProject;
				PRODUCT_NAME = ARCampus;
				SWIFT_VERSION = 5.0;
				TARGETED_DEVICE_FAMILY = "1,2";
			};
			name = Release;
		};
/* End XCBuildConfiguration section */

/* Begin XCConfigurationList section */
		311A64A4238B0C38007CDEF7 /* Build configuration list for PBXProject "ARCampus" */ = {
			isa = XCConfigurationList;
			buildConfigurations = (
				311A64BB238B0C3B007CDEF7 /* Debug */,
				311A64BC238B0C3B007CDEF7 /* Release */,
			);
			defaultConfigurationIsVisible = 0;
			defaultConfigurationName = Release;
		};
		311A64BD238B0C3B007CDEF7 /* Build configuration list for PBXNativeTarget "ARCampus" */ = {
			isa = XCConfigurationList;
			buildConfigurations = (
				311A64BE238B0C3B007CDEF7 /* Debug */,
				311A64BF238B0C3B007CDEF7 /* Release */,
			);
			defaultConfigurationIsVisible = 0;
			defaultConfigurationName = Release;
		};
/* End XCConfigurationList section */
	};
	rootObject = 311A64A1238B0C38007CDEF7 /* Project object */;
}
